
Microsoft Visual Studio Solution File, Format Version 12.00
# Visual Studio Version 16
VisualStudioVersion = 16.0.31911.196
MinimumVisualStudioVersion = 10.0.40219.1
Project("{FAE04EC0-301F-11D3-BF4B-00C04F79EFBC}") = "DiziOrnekKopyalama", "DiziOrnekKopyalama\DiziOrnekKopyalama.csproj", "{29E3D105-DB27-4140-998D-6E3E72DBC019}"
EndProject
Global
	GlobalSection(SolutionConfigurationPlatforms) = preSolution
		Debug|Any CPU = Debug|Any CPU
		Release|Any CPU = Release|Any CPU
	EndGlobalSection
	GlobalSection(ProjectConfigurationPlatforms) = postSolution
		{29E3D105-DB27-4140-998D-6E3E72DBC019}.Debug|Any CPU.ActiveCfg = Debug|Any CPU
		{29E3D105-DB27-4140-998D-6E3E72DBC019}.Debug|Any CPU.Build.0 = Debug|Any CPU
		{29E3D105-DB27-4140-998D-6E3E72DBC019}.Release|Any CPU.ActiveCfg = Release|Any CPU
		{29E3D105-DB27-4140-998D-6E3E72DBC019}.Release|Any CPU.Build.0 = Release|Any CPU
	EndGlobalSection
	GlobalSection(SolutionProperties) = preSolution
		HideSolutionNode = FALSE
	EndGlobalSection
	GlobalSection(ExtensibilityGlobals) = postSolution
		SolutionGuid = {EE0AEC23-6168-4315-BCEF-724D0E044DDA}
	EndGlobalSection
EndGlobal
